Microsoft Visual Studio Solution File, Format Version 8.00
Project("{8BC9CEB8-8B4A-11D0-8D11-00A0C91BC942}") = "Trunk", "Trunk.vcproj", "{1DA603AC-333D-441D-93D9-D7BEEBC6CFEB}"
	ProjectSection(ProjectDependencies) = postProject
	EndProjectSection
EndProject
Global
	GlobalSection(SolutionConfiguration) = preSolution
		Debug = Debug
		Release = Release
	EndGlobalSection
	GlobalSection(ProjectConfiguration) = postSolution
		{1DA603AC-333D-441D-93D9-D7BEEBC6CFEB}.Debug.ActiveCfg = Debug|Win32
		{1DA603AC-333D-441D-93D9-D7BEEBC6CFEB}.Debug.Build.0 = Debug|Win32
		{1DA603AC-333D-441D-93D9-D7BEEBC6CFEB}.Release.ActiveCfg = Release|Win32
		{1DA603AC-333D-441D-93D9-D7BEEBC6CFEB}.Release.Build.0 = Release|Win32
	EndGlobalSection
	GlobalSection(ExtensibilityGlobals) = postSolution
	EndGlobalSection
	GlobalSection(ExtensibilityAddIns) = postSolution
	EndGlobalSection
EndGlobal
